
Microsoft Visual Studio Solution File, Format Version 12.00
# Visual Studio 15
VisualStudioVersion = 15.0.26730.16
MinimumVisualStudioVersion = 10.0.40219.1
Project("{FAE04EC0-301F-11D3-BF4B-00C04F79EFBC}") = "ConsoleApp2", "ConsoleApp2\ConsoleApp2.csproj", "{F5E3A658-3772-488E-BEC4-C12B67B7ECDA}"
EndProject
Global
	GlobalSection(SolutionConfigurationPlatforms) = preSolution
		Debug|Any CPU = Debug|Any CPU
		Release|Any CPU = Release|Any CPU
	EndGlobalSection
	GlobalSection(ProjectConfigurationPlatforms) = postSolution
		{F5E3A658-3772-488E-BEC4-C12B67B7ECDA}.Debug|Any CPU.ActiveCfg = Debug|Any CPU
		{F5E3A658-3772-488E-BEC4-C12B67B7ECDA}.Debug|Any CPU.Build.0 = Debug|Any CPU
		{F5E3A658-3772-488E-BEC4-C12B67B7ECDA}.Release|Any CPU.ActiveCfg = Release|Any CPU
		{F5E3A658-3772-488E-BEC4-C12B67B7ECDA}.Release|Any CPU.Build.0 = Release|Any CPU
	EndGlobalSection
	GlobalSection(SolutionProperties) = preSolution
		HideSolutionNode = FALSE
	EndGlobalSection
	GlobalSection(ExtensibilityGlobals) = postSolution
		SolutionGuid = {6F3C94E3-5746-4BEF-AFA2-5761C241DAE7}
	EndGlobalSection
EndGlobal
